
Microsoft Visual Studio Solution File, Format Version 12.00
# Visual Studio Version 16
VisualStudioVersion = 16.0.30114.105
MinimumVisualStudioVersion = 10.0.40219.1
Project("{FAE04EC0-301F-11D3-BF4B-00C04F79EFBC}") = "FileOnQ.Imaging.Raw", "src\FileOnQ.Imaging.Raw\FileOnQ.Imaging.Raw.csproj", "{BE5DB2F4-04D8-4A4C-8302-13345F6BF1CE}"
EndProject
Project("{FAE04EC0-301F-11D3-BF4B-00C04F79EFBC}") = "FileOnQ.Imaging.Raw.Benchmarking", "src\FileOnQ.Imaging.Raw.Benchmarking\FileOnQ.Imaging.Raw.Benchmarking.csproj", "{E46CEF1E-17DF-4DE6-82C6-6ED35B4C3DA6}"
EndProject
Global
	GlobalSection(SolutionConfigurationPlatforms) = preSolution
		Debug|Any CPU = Debug|Any CPU
		Debug|x64 = Debug|x64
		Debug|x86 = Debug|x86
		Release|Any CPU = Release|Any CPU
		Release|x64 = Release|x64
		Release|x86 = Release|x86
	EndGlobalSection
	GlobalSection(SolutionProperties) = preSolution
		HideSolutionNode = FALSE
	EndGlobalSection
	GlobalSection(ProjectConfigurationPlatforms) = postSolution
		{BE5DB2F4-04D8-4A4C-8302-13345F6BF1CE}.Debug|Any CPU.ActiveCfg = Debug|Any CPU
		{BE5DB2F4-04D8-4A4C-8302-13345F6BF1CE}.Debug|Any CPU.Build.0 = Debug|Any CPU
		{BE5DB2F4-04D8-4A4C-8302-13345F6BF1CE}.Debug|x64.ActiveCfg = Debug|Any CPU
		{BE5DB2F4-04D8-4A4C-8302-13345F6BF1CE}.Debug|x64.Build.0 = Debug|Any CPU
		{BE5DB2F4-04D8-4A4C-8302-13345F6BF1CE}.Debug|x86.ActiveCfg = Debug|Any CPU
		{BE5DB2F4-04D8-4A4C-8302-13345F6BF1CE}.Debug|x86.Build.0 = Debug|Any CPU
		{BE5DB2F4-04D8-4A4C-8302-13345F6BF1CE}.Release|Any CPU.ActiveCfg = Release|Any CPU
		{BE5DB2F4-04D8-4A4C-8302-13345F6BF1CE}.Release|Any CPU.Build.0 = Release|Any CPU
		{BE5DB2F4-04D8-4A4C-8302-13345F6BF1CE}.Release|x64.ActiveCfg = Release|Any CPU
		{BE5DB2F4-04D8-4A4C-8302-13345F6BF1CE}.Release|x64.Build.0 = Release|Any CPU
		{BE5DB2F4-04D8-4A4C-8302-13345F6BF1CE}.Release|x86.ActiveCfg = Release|Any CPU
		{BE5DB2F4-04D8-4A4C-8302-13345F6BF1CE}.Release|x86.Build.0 = Release|Any CPU
		{E46CEF1E-17DF-4DE6-82C6-6ED35B4C3DA6}.Debug|Any CPU.ActiveCfg = Debug|Any CPU
		{E46CEF1E-17DF-4DE6-82C6-6ED35B4C3DA6}.Debug|Any CPU.Build.0 = Debug|Any CPU
		{E46CEF1E-17DF-4DE6-82C6-6ED35B4C3DA6}.Debug|x64.ActiveCfg = Debug|Any CPU
		{E46CEF1E-17DF-4DE6-82C6-6ED35B4C3DA6}.Debug|x64.Build.0 = Debug|Any CPU
		{E46CEF1E-17DF-4DE6-82C6-6ED35B4C3DA6}.Debug|x86.ActiveCfg = Debug|Any CPU
		{E46CEF1E-17DF-4DE6-82C6-6ED35B4C3DA6}.Debug|x86.Build.0 = Debug|Any CPU
		{E46CEF1E-17DF-4DE6-82C6-6ED35B4C3DA6}.Release|Any CPU.ActiveCfg = Release|Any CPU
		{E46CEF1E-17DF-4DE6-82C6-6ED35B4C3DA6}.Release|Any CPU.Build.0 = Release|Any CPU
		{E46CEF1E-17DF-4DE6-82C6-6ED35B4C3DA6}.Release|x64.ActiveCfg = Release|Any CPU
		{E46CEF1E-17DF-4DE6-82C6-6ED35B4C3DA6}.Release|x64.Build.0 = Release|Any CPU
		{E46CEF1E-17DF-4DE6-82C6-6ED35B4C3DA6}.Release|x86.ActiveCfg = Release|Any CPU
		{E46CEF1E-17DF-4DE6-82C6-6ED35B4C3DA6}.Release|x86.Build.0 = Release|Any CPU
	EndGlobalSection
EndGlobal
