
Microsoft Visual Studio Solution File, Format Version 12.00
# Visual Studio Version 16
VisualStudioVersion = 16.0.30114.105
MinimumVisualStudioVersion = 10.0.40219.1
Project("{9A19103F-16F7-4668-BE54-9A1E7A4F7556}") = "FileOnQ.Imaging.Raw", "src\FileOnQ.Imaging.Raw\FileOnQ.Imaging.Raw.csproj", "{BE5DB2F4-04D8-4A4C-8302-13345F6BF1CE}"
EndProject
Project("{8BC9CEB8-8B4A-11D0-8D11-00A0C91BC942}") = "libraw", "LibRaw\buildfiles\libraw.vcxproj", "{A71D2131-F425-381F-8A9A-29D60132A046}"
EndProject
Project("{8BC9CEB8-8B4A-11D0-8D11-00A0C91BC942}") = "simple_dcraw", "LibRaw\buildfiles\simple_dcraw.vcxproj", "{AD1E31D8-A022-3672-982F-C8280A0D6458}"
EndProject
Project("{8BC9CEB8-8B4A-11D0-8D11-00A0C91BC942}") = "dcraw_half", "LibRaw\buildfiles\dcraw_half.vcxproj", "{C6EACFA3-9FC5-393B-BCF6-2874B05E4581}"
EndProject
Project("{2150E333-8FDC-42A3-9474-1A3956D46DE8}") = "LibRaw", "LibRaw", "{FB10F390-AE63-4CF1-A3D5-859933D92C66}"
EndProject
Project("{8BC9CEB8-8B4A-11D0-8D11-00A0C91BC942}") = "4channels", "LibRaw\buildfiles\4channels.vcxproj", "{F68CBE78-B27A-3A05-BCD3-293E8CAC1C52}"
EndProject
Project("{8BC9CEB8-8B4A-11D0-8D11-00A0C91BC942}") = "dcraw_emu", "LibRaw\buildfiles\dcraw_emu.vcxproj", "{48688DB8-559A-3DE2-ADDE-5BD27BFEDDA2}"
EndProject
Project("{8BC9CEB8-8B4A-11D0-8D11-00A0C91BC942}") = "mem_image", "LibRaw\buildfiles\mem_image.vcxproj", "{BF8A2750-B847-3BA6-9EAF-05F43380F46C}"
EndProject
Project("{8BC9CEB8-8B4A-11D0-8D11-00A0C91BC942}") = "multirender_test", "LibRaw\buildfiles\multirender_test.vcxproj", "{30D21208-219A-3AA8-ADCF-E6B1FFAF6A73}"
EndProject
Project("{8BC9CEB8-8B4A-11D0-8D11-00A0C91BC942}") = "openbayer_sample", "LibRaw\buildfiles\openbayer_sample.vcxproj", "{EF67FEF1-4B19-3765-A660-9F8E9333DEF3}"
EndProject
Project("{8BC9CEB8-8B4A-11D0-8D11-00A0C91BC942}") = "postprocessing_benchmark", "LibRaw\buildfiles\postprocessing_benchmark.vcxproj", "{5C66A8FA-D211-3E2F-A2F1-0C3C665689CC}"
EndProject
Project("{8BC9CEB8-8B4A-11D0-8D11-00A0C91BC942}") = "raw-identify", "LibRaw\buildfiles\raw-identify.vcxproj", "{7C4F61DB-717E-36C9-B20E-36F8E218AB51}"
EndProject
Project("{8BC9CEB8-8B4A-11D0-8D11-00A0C91BC942}") = "rawtextdump", "LibRaw\buildfiles\rawtextdump.vcxproj", "{53A1E3F0-8032-348E-B3BF-3E540A45005F}"
EndProject
Project("{8BC9CEB8-8B4A-11D0-8D11-00A0C91BC942}") = "unprocessed_raw", "LibRaw\buildfiles\unprocessed_raw.vcxproj", "{1333E21E-D3B5-3640-9A4D-D8955082B855}"
EndProject
Project("{2150E333-8FDC-42A3-9474-1A3956D46DE8}") = "Samples", "Samples", "{40A8E6C7-CB44-49DC-BEE6-90E97DC95FED}"
EndProject
Project("{2150E333-8FDC-42A3-9474-1A3956D46DE8}") = "Tests", "Tests", "{97DFB2BD-EADF-4A78-8A81-6950AE090A4C}"
EndProject
Project("{D954291E-2A0B-460D-934E-DC6B0785DB48}") = "FileOnQ.Imaging.Raw.Tests", "tests\FileOnQ.Imaging.Raw.Tests\FileOnQ.Imaging.Raw.Tests.shproj", "{C959D0FB-AD1C-4F59-905F-8FC5FE836350}"
EndProject
Project("{9A19103F-16F7-4668-BE54-9A1E7A4F7556}") = "FileOnQ.Imaging.Raw.Tests.x64", "tests\FileOnQ.Imaging.Raw.Tests.x64\FileOnQ.Imaging.Raw.Tests.x64.csproj", "{131C8F37-44D7-4AA5-BBD2-B5C99943E543}"
EndProject
Project("{9A19103F-16F7-4668-BE54-9A1E7A4F7556}") = "FileOnQ.Imaging.Raw.Tests.x86", "tests\FileOnQ.Imaging.Raw.Tests.x86\FileOnQ.Imaging.Raw.Tests.x86.csproj", "{2A40920A-8596-4DC4-B114-27C466D9DE63}"
EndProject
Project("{9A19103F-16F7-4668-BE54-9A1E7A4F7556}") = "FileOnQ.Imaging.Raw.ConsoleApp", "tests\FileOnQ.Imaging.Raw.ConsoleApp\FileOnQ.Imaging.Raw.ConsoleApp.csproj", "{CD0B972B-696A-40CA-926F-145F11A2A462}"
EndProject
Project("{9A19103F-16F7-4668-BE54-9A1E7A4F7556}") = "FileOnQ.Imaging.Raw.Benchmarking", "tests\FileOnQ.Imaging.Raw.Benchmarking\FileOnQ.Imaging.Raw.Benchmarking.csproj", "{AFBA39BA-C6C3-4250-B6C9-EA63BF81BE32}"
EndProject
Global
	GlobalSection(SharedMSBuildProjectFiles) = preSolution
		tests\FileOnQ.Imaging.Raw.Tests\FileOnQ.Imaging.Raw.Tests.projitems*{131c8f37-44d7-4aa5-bbd2-b5c99943e543}*SharedItemsImports = 5
		tests\FileOnQ.Imaging.Raw.Tests\FileOnQ.Imaging.Raw.Tests.projitems*{2a40920a-8596-4dc4-b114-27c466d9de63}*SharedItemsImports = 5
		tests\FileOnQ.Imaging.Raw.Tests\FileOnQ.Imaging.Raw.Tests.projitems*{c959d0fb-ad1c-4f59-905f-8fc5fe836350}*SharedItemsImports = 13
	EndGlobalSection
	GlobalSection(SolutionConfigurationPlatforms) = preSolution
		Debug|Any CPU = Debug|Any CPU
		Debug|x64 = Debug|x64
		Debug|x86 = Debug|x86
		Release|Any CPU = Release|Any CPU
		Release|x64 = Release|x64
		Release|x86 = Release|x86
	EndGlobalSection
	GlobalSection(ProjectConfigurationPlatforms) = postSolution
		{BE5DB2F4-04D8-4A4C-8302-13345F6BF1CE}.Debug|Any CPU.ActiveCfg = Debug|Any CPU
		{BE5DB2F4-04D8-4A4C-8302-13345F6BF1CE}.Debug|Any CPU.Build.0 = Debug|Any CPU
		{BE5DB2F4-04D8-4A4C-8302-13345F6BF1CE}.Debug|x64.ActiveCfg = Debug|Any CPU
		{BE5DB2F4-04D8-4A4C-8302-13345F6BF1CE}.Debug|x64.Build.0 = Debug|Any CPU
		{BE5DB2F4-04D8-4A4C-8302-13345F6BF1CE}.Debug|x86.ActiveCfg = Debug|Any CPU
		{BE5DB2F4-04D8-4A4C-8302-13345F6BF1CE}.Debug|x86.Build.0 = Debug|Any CPU
		{BE5DB2F4-04D8-4A4C-8302-13345F6BF1CE}.Release|Any CPU.ActiveCfg = Release|Any CPU
		{BE5DB2F4-04D8-4A4C-8302-13345F6BF1CE}.Release|Any CPU.Build.0 = Release|Any CPU
		{BE5DB2F4-04D8-4A4C-8302-13345F6BF1CE}.Release|x64.ActiveCfg = Release|Any CPU
		{BE5DB2F4-04D8-4A4C-8302-13345F6BF1CE}.Release|x64.Build.0 = Release|Any CPU
		{BE5DB2F4-04D8-4A4C-8302-13345F6BF1CE}.Release|x86.ActiveCfg = Release|Any CPU
		{BE5DB2F4-04D8-4A4C-8302-13345F6BF1CE}.Release|x86.Build.0 = Release|Any CPU
		{A71D2131-F425-381F-8A9A-29D60132A046}.Debug|Any CPU.ActiveCfg = Debug|x64
		{A71D2131-F425-381F-8A9A-29D60132A046}.Debug|x64.ActiveCfg = Debug|x64
		{A71D2131-F425-381F-8A9A-29D60132A046}.Debug|x64.Build.0 = Debug|x64
		{A71D2131-F425-381F-8A9A-29D60132A046}.Debug|x86.ActiveCfg = Debug|x64
		{A71D2131-F425-381F-8A9A-29D60132A046}.Release|Any CPU.ActiveCfg = Release|x64
		{A71D2131-F425-381F-8A9A-29D60132A046}.Release|x64.ActiveCfg = Release|x64
		{A71D2131-F425-381F-8A9A-29D60132A046}.Release|x64.Build.0 = Release|x64
		{A71D2131-F425-381F-8A9A-29D60132A046}.Release|x86.ActiveCfg = Release|x64
		{AD1E31D8-A022-3672-982F-C8280A0D6458}.Debug|Any CPU.ActiveCfg = Debug|x64
		{AD1E31D8-A022-3672-982F-C8280A0D6458}.Debug|x64.ActiveCfg = Debug|x64
		{AD1E31D8-A022-3672-982F-C8280A0D6458}.Debug|x64.Build.0 = Debug|x64
		{AD1E31D8-A022-3672-982F-C8280A0D6458}.Debug|x86.ActiveCfg = Debug|x64
		{AD1E31D8-A022-3672-982F-C8280A0D6458}.Release|Any CPU.ActiveCfg = Release|x64
		{AD1E31D8-A022-3672-982F-C8280A0D6458}.Release|x64.ActiveCfg = Release|x64
		{AD1E31D8-A022-3672-982F-C8280A0D6458}.Release|x64.Build.0 = Release|x64
		{AD1E31D8-A022-3672-982F-C8280A0D6458}.Release|x86.ActiveCfg = Release|x64
		{C6EACFA3-9FC5-393B-BCF6-2874B05E4581}.Debug|Any CPU.ActiveCfg = Debug|x64
		{C6EACFA3-9FC5-393B-BCF6-2874B05E4581}.Debug|x64.ActiveCfg = Debug|x64
		{C6EACFA3-9FC5-393B-BCF6-2874B05E4581}.Debug|x64.Build.0 = Debug|x64
		{C6EACFA3-9FC5-393B-BCF6-2874B05E4581}.Debug|x86.ActiveCfg = Debug|x64
		{C6EACFA3-9FC5-393B-BCF6-2874B05E4581}.Release|Any CPU.ActiveCfg = Release|x64
		{C6EACFA3-9FC5-393B-BCF6-2874B05E4581}.Release|x64.ActiveCfg = Release|x64
		{C6EACFA3-9FC5-393B-BCF6-2874B05E4581}.Release|x64.Build.0 = Release|x64
		{C6EACFA3-9FC5-393B-BCF6-2874B05E4581}.Release|x86.ActiveCfg = Release|x64
		{F68CBE78-B27A-3A05-BCD3-293E8CAC1C52}.Debug|Any CPU.ActiveCfg = Debug|x64
		{F68CBE78-B27A-3A05-BCD3-293E8CAC1C52}.Debug|Any CPU.Build.0 = Debug|x64
		{F68CBE78-B27A-3A05-BCD3-293E8CAC1C52}.Debug|x64.ActiveCfg = Debug|x64
		{F68CBE78-B27A-3A05-BCD3-293E8CAC1C52}.Debug|x64.Build.0 = Debug|x64
		{F68CBE78-B27A-3A05-BCD3-293E8CAC1C52}.Debug|x86.ActiveCfg = Debug|x64
		{F68CBE78-B27A-3A05-BCD3-293E8CAC1C52}.Debug|x86.Build.0 = Debug|x64
		{F68CBE78-B27A-3A05-BCD3-293E8CAC1C52}.Release|Any CPU.ActiveCfg = Release|x64
		{F68CBE78-B27A-3A05-BCD3-293E8CAC1C52}.Release|Any CPU.Build.0 = Release|x64
		{F68CBE78-B27A-3A05-BCD3-293E8CAC1C52}.Release|x64.ActiveCfg = Release|x64
		{F68CBE78-B27A-3A05-BCD3-293E8CAC1C52}.Release|x64.Build.0 = Release|x64
		{F68CBE78-B27A-3A05-BCD3-293E8CAC1C52}.Release|x86.ActiveCfg = Release|x64
		{F68CBE78-B27A-3A05-BCD3-293E8CAC1C52}.Release|x86.Build.0 = Release|x64
		{48688DB8-559A-3DE2-ADDE-5BD27BFEDDA2}.Debug|Any CPU.ActiveCfg = Debug|x64
		{48688DB8-559A-3DE2-ADDE-5BD27BFEDDA2}.Debug|Any CPU.Build.0 = Debug|x64
		{48688DB8-559A-3DE2-ADDE-5BD27BFEDDA2}.Debug|x64.ActiveCfg = Debug|x64
		{48688DB8-559A-3DE2-ADDE-5BD27BFEDDA2}.Debug|x64.Build.0 = Debug|x64
		{48688DB8-559A-3DE2-ADDE-5BD27BFEDDA2}.Debug|x86.ActiveCfg = Debug|x64
		{48688DB8-559A-3DE2-ADDE-5BD27BFEDDA2}.Debug|x86.Build.0 = Debug|x64
		{48688DB8-559A-3DE2-ADDE-5BD27BFEDDA2}.Release|Any CPU.ActiveCfg = Release|x64
		{48688DB8-559A-3DE2-ADDE-5BD27BFEDDA2}.Release|Any CPU.Build.0 = Release|x64
		{48688DB8-559A-3DE2-ADDE-5BD27BFEDDA2}.Release|x64.ActiveCfg = Release|x64
		{48688DB8-559A-3DE2-ADDE-5BD27BFEDDA2}.Release|x64.Build.0 = Release|x64
		{48688DB8-559A-3DE2-ADDE-5BD27BFEDDA2}.Release|x86.ActiveCfg = Release|x64
		{48688DB8-559A-3DE2-ADDE-5BD27BFEDDA2}.Release|x86.Build.0 = Release|x64
		{BF8A2750-B847-3BA6-9EAF-05F43380F46C}.Debug|Any CPU.ActiveCfg = Debug|x64
		{BF8A2750-B847-3BA6-9EAF-05F43380F46C}.Debug|Any CPU.Build.0 = Debug|x64
		{BF8A2750-B847-3BA6-9EAF-05F43380F46C}.Debug|x64.ActiveCfg = Debug|x64
		{BF8A2750-B847-3BA6-9EAF-05F43380F46C}.Debug|x64.Build.0 = Debug|x64
		{BF8A2750-B847-3BA6-9EAF-05F43380F46C}.Debug|x86.ActiveCfg = Debug|x64
		{BF8A2750-B847-3BA6-9EAF-05F43380F46C}.Debug|x86.Build.0 = Debug|x64
		{BF8A2750-B847-3BA6-9EAF-05F43380F46C}.Release|Any CPU.ActiveCfg = Release|x64
		{BF8A2750-B847-3BA6-9EAF-05F43380F46C}.Release|Any CPU.Build.0 = Release|x64
		{BF8A2750-B847-3BA6-9EAF-05F43380F46C}.Release|x64.ActiveCfg = Release|x64
		{BF8A2750-B847-3BA6-9EAF-05F43380F46C}.Release|x64.Build.0 = Release|x64
		{BF8A2750-B847-3BA6-9EAF-05F43380F46C}.Release|x86.ActiveCfg = Release|x64
		{BF8A2750-B847-3BA6-9EAF-05F43380F46C}.Release|x86.Build.0 = Release|x64
		{30D21208-219A-3AA8-ADCF-E6B1FFAF6A73}.Debug|Any CPU.ActiveCfg = Debug|x64
		{30D21208-219A-3AA8-ADCF-E6B1FFAF6A73}.Debug|Any CPU.Build.0 = Debug|x64
		{30D21208-219A-3AA8-ADCF-E6B1FFAF6A73}.Debug|x64.ActiveCfg = Debug|x64
		{30D21208-219A-3AA8-ADCF-E6B1FFAF6A73}.Debug|x64.Build.0 = Debug|x64
		{30D21208-219A-3AA8-ADCF-E6B1FFAF6A73}.Debug|x86.ActiveCfg = Debug|x64
		{30D21208-219A-3AA8-ADCF-E6B1FFAF6A73}.Debug|x86.Build.0 = Debug|x64
		{30D21208-219A-3AA8-ADCF-E6B1FFAF6A73}.Release|Any CPU.ActiveCfg = Release|x64
		{30D21208-219A-3AA8-ADCF-E6B1FFAF6A73}.Release|Any CPU.Build.0 = Release|x64
		{30D21208-219A-3AA8-ADCF-E6B1FFAF6A73}.Release|x64.ActiveCfg = Release|x64
		{30D21208-219A-3AA8-ADCF-E6B1FFAF6A73}.Release|x64.Build.0 = Release|x64
		{30D21208-219A-3AA8-ADCF-E6B1FFAF6A73}.Release|x86.ActiveCfg = Release|x64
		{30D21208-219A-3AA8-ADCF-E6B1FFAF6A73}.Release|x86.Build.0 = Release|x64
		{EF67FEF1-4B19-3765-A660-9F8E9333DEF3}.Debug|Any CPU.ActiveCfg = Debug|x64
		{EF67FEF1-4B19-3765-A660-9F8E9333DEF3}.Debug|Any CPU.Build.0 = Debug|x64
		{EF67FEF1-4B19-3765-A660-9F8E9333DEF3}.Debug|x64.ActiveCfg = Debug|x64
		{EF67FEF1-4B19-3765-A660-9F8E9333DEF3}.Debug|x64.Build.0 = Debug|x64
		{EF67FEF1-4B19-3765-A660-9F8E9333DEF3}.Debug|x86.ActiveCfg = Debug|x64
		{EF67FEF1-4B19-3765-A660-9F8E9333DEF3}.Debug|x86.Build.0 = Debug|x64
		{EF67FEF1-4B19-3765-A660-9F8E9333DEF3}.Release|Any CPU.ActiveCfg = Release|x64
		{EF67FEF1-4B19-3765-A660-9F8E9333DEF3}.Release|Any CPU.Build.0 = Release|x64
		{EF67FEF1-4B19-3765-A660-9F8E9333DEF3}.Release|x64.ActiveCfg = Release|x64
		{EF67FEF1-4B19-3765-A660-9F8E9333DEF3}.Release|x64.Build.0 = Release|x64
		{EF67FEF1-4B19-3765-A660-9F8E9333DEF3}.Release|x86.ActiveCfg = Release|x64
		{EF67FEF1-4B19-3765-A660-9F8E9333DEF3}.Release|x86.Build.0 = Release|x64
		{5C66A8FA-D211-3E2F-A2F1-0C3C665689CC}.Debug|Any CPU.ActiveCfg = Debug|x64
		{5C66A8FA-D211-3E2F-A2F1-0C3C665689CC}.Debug|Any CPU.Build.0 = Debug|x64
		{5C66A8FA-D211-3E2F-A2F1-0C3C665689CC}.Debug|x64.ActiveCfg = Debug|x64
		{5C66A8FA-D211-3E2F-A2F1-0C3C665689CC}.Debug|x64.Build.0 = Debug|x64
		{5C66A8FA-D211-3E2F-A2F1-0C3C665689CC}.Debug|x86.ActiveCfg = Debug|x64
		{5C66A8FA-D211-3E2F-A2F1-0C3C665689CC}.Debug|x86.Build.0 = Debug|x64
		{5C66A8FA-D211-3E2F-A2F1-0C3C665689CC}.Release|Any CPU.ActiveCfg = Release|x64
		{5C66A8FA-D211-3E2F-A2F1-0C3C665689CC}.Release|Any CPU.Build.0 = Release|x64
		{5C66A8FA-D211-3E2F-A2F1-0C3C665689CC}.Release|x64.ActiveCfg = Release|x64
		{5C66A8FA-D211-3E2F-A2F1-0C3C665689CC}.Release|x64.Build.0 = Release|x64
		{5C66A8FA-D211-3E2F-A2F1-0C3C665689CC}.Release|x86.ActiveCfg = Release|x64
		{5C66A8FA-D211-3E2F-A2F1-0C3C665689CC}.Release|x86.Build.0 = Release|x64
		{7C4F61DB-717E-36C9-B20E-36F8E218AB51}.Debug|Any CPU.ActiveCfg = Debug|x64
		{7C4F61DB-717E-36C9-B20E-36F8E218AB51}.Debug|Any CPU.Build.0 = Debug|x64
		{7C4F61DB-717E-36C9-B20E-36F8E218AB51}.Debug|x64.ActiveCfg = Debug|x64
		{7C4F61DB-717E-36C9-B20E-36F8E218AB51}.Debug|x64.Build.0 = Debug|x64
		{7C4F61DB-717E-36C9-B20E-36F8E218AB51}.Debug|x86.ActiveCfg = Debug|x64
		{7C4F61DB-717E-36C9-B20E-36F8E218AB51}.Debug|x86.Build.0 = Debug|x64
		{7C4F61DB-717E-36C9-B20E-36F8E218AB51}.Release|Any CPU.ActiveCfg = Release|x64
		{7C4F61DB-717E-36C9-B20E-36F8E218AB51}.Release|Any CPU.Build.0 = Release|x64
		{7C4F61DB-717E-36C9-B20E-36F8E218AB51}.Release|x64.ActiveCfg = Release|x64
		{7C4F61DB-717E-36C9-B20E-36F8E218AB51}.Release|x64.Build.0 = Release|x64
		{7C4F61DB-717E-36C9-B20E-36F8E218AB51}.Release|x86.ActiveCfg = Release|x64
		{7C4F61DB-717E-36C9-B20E-36F8E218AB51}.Release|x86.Build.0 = Release|x64
		{53A1E3F0-8032-348E-B3BF-3E540A45005F}.Debug|Any CPU.ActiveCfg = Debug|x64
		{53A1E3F0-8032-348E-B3BF-3E540A45005F}.Debug|Any CPU.Build.0 = Debug|x64
		{53A1E3F0-8032-348E-B3BF-3E540A45005F}.Debug|x64.ActiveCfg = Debug|x64
		{53A1E3F0-8032-348E-B3BF-3E540A45005F}.Debug|x64.Build.0 = Debug|x64
		{53A1E3F0-8032-348E-B3BF-3E540A45005F}.Debug|x86.ActiveCfg = Debug|x64
		{53A1E3F0-8032-348E-B3BF-3E540A45005F}.Debug|x86.Build.0 = Debug|x64
		{53A1E3F0-8032-348E-B3BF-3E540A45005F}.Release|Any CPU.ActiveCfg = Release|x64
		{53A1E3F0-8032-348E-B3BF-3E540A45005F}.Release|Any CPU.Build.0 = Release|x64
		{53A1E3F0-8032-348E-B3BF-3E540A45005F}.Release|x64.ActiveCfg = Release|x64
		{53A1E3F0-8032-348E-B3BF-3E540A45005F}.Release|x64.Build.0 = Release|x64
		{53A1E3F0-8032-348E-B3BF-3E540A45005F}.Release|x86.ActiveCfg = Release|x64
		{53A1E3F0-8032-348E-B3BF-3E540A45005F}.Release|x86.Build.0 = Release|x64
		{1333E21E-D3B5-3640-9A4D-D8955082B855}.Debug|Any CPU.ActiveCfg = Debug|x64
		{1333E21E-D3B5-3640-9A4D-D8955082B855}.Debug|Any CPU.Build.0 = Debug|x64
		{1333E21E-D3B5-3640-9A4D-D8955082B855}.Debug|x64.ActiveCfg = Debug|x64
		{1333E21E-D3B5-3640-9A4D-D8955082B855}.Debug|x64.Build.0 = Debug|x64
		{1333E21E-D3B5-3640-9A4D-D8955082B855}.Debug|x86.ActiveCfg = Debug|x64
		{1333E21E-D3B5-3640-9A4D-D8955082B855}.Debug|x86.Build.0 = Debug|x64
		{1333E21E-D3B5-3640-9A4D-D8955082B855}.Release|Any CPU.ActiveCfg = Release|x64
		{1333E21E-D3B5-3640-9A4D-D8955082B855}.Release|Any CPU.Build.0 = Release|x64
		{1333E21E-D3B5-3640-9A4D-D8955082B855}.Release|x64.ActiveCfg = Release|x64
		{1333E21E-D3B5-3640-9A4D-D8955082B855}.Release|x64.Build.0 = Release|x64
		{1333E21E-D3B5-3640-9A4D-D8955082B855}.Release|x86.ActiveCfg = Release|x64
		{1333E21E-D3B5-3640-9A4D-D8955082B855}.Release|x86.Build.0 = Release|x64
		{131C8F37-44D7-4AA5-BBD2-B5C99943E543}.Debug|Any CPU.ActiveCfg = Debug|x64
		{131C8F37-44D7-4AA5-BBD2-B5C99943E543}.Debug|x64.ActiveCfg = Debug|x64
		{131C8F37-44D7-4AA5-BBD2-B5C99943E543}.Debug|x64.Build.0 = Debug|x64
		{131C8F37-44D7-4AA5-BBD2-B5C99943E543}.Debug|x86.ActiveCfg = Debug|x64
		{131C8F37-44D7-4AA5-BBD2-B5C99943E543}.Release|Any CPU.ActiveCfg = Release|x64
		{131C8F37-44D7-4AA5-BBD2-B5C99943E543}.Release|x64.ActiveCfg = Release|x64
		{131C8F37-44D7-4AA5-BBD2-B5C99943E543}.Release|x64.Build.0 = Release|x64
		{131C8F37-44D7-4AA5-BBD2-B5C99943E543}.Release|x86.ActiveCfg = Release|x64
		{2A40920A-8596-4DC4-B114-27C466D9DE63}.Debug|Any CPU.ActiveCfg = Debug|x86
		{2A40920A-8596-4DC4-B114-27C466D9DE63}.Debug|x64.ActiveCfg = Debug|x86
		{2A40920A-8596-4DC4-B114-27C466D9DE63}.Debug|x86.ActiveCfg = Debug|x86
		{2A40920A-8596-4DC4-B114-27C466D9DE63}.Debug|x86.Build.0 = Debug|x86
		{2A40920A-8596-4DC4-B114-27C466D9DE63}.Release|Any CPU.ActiveCfg = Release|x86
		{2A40920A-8596-4DC4-B114-27C466D9DE63}.Release|x64.ActiveCfg = Release|x86
		{2A40920A-8596-4DC4-B114-27C466D9DE63}.Release|x86.ActiveCfg = Release|x86
		{2A40920A-8596-4DC4-B114-27C466D9DE63}.Release|x86.Build.0 = Release|x86
		{CD0B972B-696A-40CA-926F-145F11A2A462}.Debug|Any CPU.ActiveCfg = Debug|Any CPU
		{CD0B972B-696A-40CA-926F-145F11A2A462}.Debug|Any CPU.Build.0 = Debug|Any CPU
		{CD0B972B-696A-40CA-926F-145F11A2A462}.Debug|x64.ActiveCfg = Debug|Any CPU
		{CD0B972B-696A-40CA-926F-145F11A2A462}.Debug|x64.Build.0 = Debug|Any CPU
		{CD0B972B-696A-40CA-926F-145F11A2A462}.Debug|x86.ActiveCfg = Debug|Any CPU
		{CD0B972B-696A-40CA-926F-145F11A2A462}.Debug|x86.Build.0 = Debug|Any CPU
		{CD0B972B-696A-40CA-926F-145F11A2A462}.Release|Any CPU.ActiveCfg = Release|Any CPU
		{CD0B972B-696A-40CA-926F-145F11A2A462}.Release|Any CPU.Build.0 = Release|Any CPU
		{CD0B972B-696A-40CA-926F-145F11A2A462}.Release|x64.ActiveCfg = Release|Any CPU
		{CD0B972B-696A-40CA-926F-145F11A2A462}.Release|x64.Build.0 = Release|Any CPU
		{CD0B972B-696A-40CA-926F-145F11A2A462}.Release|x86.ActiveCfg = Release|Any CPU
		{CD0B972B-696A-40CA-926F-145F11A2A462}.Release|x86.Build.0 = Release|Any CPU
		{AFBA39BA-C6C3-4250-B6C9-EA63BF81BE32}.Debug|Any CPU.ActiveCfg = Debug|Any CPU
		{AFBA39BA-C6C3-4250-B6C9-EA63BF81BE32}.Debug|Any CPU.Build.0 = Debug|Any CPU
		{AFBA39BA-C6C3-4250-B6C9-EA63BF81BE32}.Debug|x64.ActiveCfg = Debug|Any CPU
		{AFBA39BA-C6C3-4250-B6C9-EA63BF81BE32}.Debug|x64.Build.0 = Debug|Any CPU
		{AFBA39BA-C6C3-4250-B6C9-EA63BF81BE32}.Debug|x86.ActiveCfg = Debug|Any CPU
		{AFBA39BA-C6C3-4250-B6C9-EA63BF81BE32}.Debug|x86.Build.0 = Debug|Any CPU
		{AFBA39BA-C6C3-4250-B6C9-EA63BF81BE32}.Release|Any CPU.ActiveCfg = Release|Any CPU
		{AFBA39BA-C6C3-4250-B6C9-EA63BF81BE32}.Release|Any CPU.Build.0 = Release|Any CPU
		{AFBA39BA-C6C3-4250-B6C9-EA63BF81BE32}.Release|x64.ActiveCfg = Release|Any CPU
		{AFBA39BA-C6C3-4250-B6C9-EA63BF81BE32}.Release|x64.Build.0 = Release|Any CPU
		{AFBA39BA-C6C3-4250-B6C9-EA63BF81BE32}.Release|x86.ActiveCfg = Release|Any CPU
		{AFBA39BA-C6C3-4250-B6C9-EA63BF81BE32}.Release|x86.Build.0 = Release|Any CPU
	EndGlobalSection
	GlobalSection(SolutionProperties) = preSolution
		HideSolutionNode = FALSE
	EndGlobalSection
	GlobalSection(NestedProjects) = preSolution
		{A71D2131-F425-381F-8A9A-29D60132A046} = {FB10F390-AE63-4CF1-A3D5-859933D92C66}
		{AD1E31D8-A022-3672-982F-C8280A0D6458} = {FB10F390-AE63-4CF1-A3D5-859933D92C66}
		{C6EACFA3-9FC5-393B-BCF6-2874B05E4581} = {FB10F390-AE63-4CF1-A3D5-859933D92C66}
		{F68CBE78-B27A-3A05-BCD3-293E8CAC1C52} = {FB10F390-AE63-4CF1-A3D5-859933D92C66}
		{48688DB8-559A-3DE2-ADDE-5BD27BFEDDA2} = {FB10F390-AE63-4CF1-A3D5-859933D92C66}
		{BF8A2750-B847-3BA6-9EAF-05F43380F46C} = {FB10F390-AE63-4CF1-A3D5-859933D92C66}
		{30D21208-219A-3AA8-ADCF-E6B1FFAF6A73} = {FB10F390-AE63-4CF1-A3D5-859933D92C66}
		{EF67FEF1-4B19-3765-A660-9F8E9333DEF3} = {FB10F390-AE63-4CF1-A3D5-859933D92C66}
		{5C66A8FA-D211-3E2F-A2F1-0C3C665689CC} = {FB10F390-AE63-4CF1-A3D5-859933D92C66}
		{7C4F61DB-717E-36C9-B20E-36F8E218AB51} = {FB10F390-AE63-4CF1-A3D5-859933D92C66}
		{53A1E3F0-8032-348E-B3BF-3E540A45005F} = {FB10F390-AE63-4CF1-A3D5-859933D92C66}
		{1333E21E-D3B5-3640-9A4D-D8955082B855} = {FB10F390-AE63-4CF1-A3D5-859933D92C66}
		{C959D0FB-AD1C-4F59-905F-8FC5FE836350} = {97DFB2BD-EADF-4A78-8A81-6950AE090A4C}
		{131C8F37-44D7-4AA5-BBD2-B5C99943E543} = {97DFB2BD-EADF-4A78-8A81-6950AE090A4C}
		{2A40920A-8596-4DC4-B114-27C466D9DE63} = {97DFB2BD-EADF-4A78-8A81-6950AE090A4C}
		{CD0B972B-696A-40CA-926F-145F11A2A462} = {97DFB2BD-EADF-4A78-8A81-6950AE090A4C}
		{AFBA39BA-C6C3-4250-B6C9-EA63BF81BE32} = {97DFB2BD-EADF-4A78-8A81-6950AE090A4C}
	EndGlobalSection
	GlobalSection(ExtensibilityGlobals) = postSolution
		SolutionGuid = {A2012750-D869-406A-8B40-E6B1EA795C73}
	EndGlobalSection
EndGlobal
